
Microsoft Visual Studio Solution File, Format Version 12.00
# Visual Studio 2012
Project("{F184B08F-C81C-45F6-A57F-5ABD9991F28F}") = "UAS-13410100105-PanjiPratama", "WindowsApplication4\UAS-13410100105-PanjiPratama.vbproj", "{43D973BA-35A5-4D45-9930-F09073E1D557}"
EndProject
Global
	GlobalSection(SolutionConfigurationPlatforms) = preSolution
		Debug|Any CPU = Debug|Any CPU
		Release|Any CPU = Release|Any CPU
	EndGlobalSection
	GlobalSection(ProjectConfigurationPlatforms) = postSolution
		{43D973BA-35A5-4D45-9930-F09073E1D557}.Debug|Any CPU.ActiveCfg = Debug|Any CPU
		{43D973BA-35A5-4D45-9930-F09073E1D557}.Debug|Any CPU.Build.0 = Debug|Any CPU
		{43D973BA-35A5-4D45-9930-F09073E1D557}.Release|Any CPU.ActiveCfg = Release|Any CPU
		{43D973BA-35A5-4D45-9930-F09073E1D557}.Release|Any CPU.Build.0 = Release|Any CPU
	EndGlobalSection
	GlobalSection(SolutionProperties) = preSolution
		HideSolutionNode = FALSE
	EndGlobalSection
EndGlobal
